{
    "version": 3,
    "terraform_version": "0.10.7",
    "serial": 15,
    "lineage": "1e7785d8-9c8f-4c40-b26f-ffa33d166edb",
    "modules": [
        {
            "path": [
                "root"
            ],
            "outputs": {
                "ip": {
                    "sensitive": false,
                    "type": "string",
                    "value": "54.209.141.25"
                }
            },
            "resources": {
                "aws_instance.example": {
                    "type": "aws_instance",
                    "depends_on": [
                        "aws_key_pair.mykey"
                    ],
                    "primary": {
                        "id": "i-033c6f21a7f19f3d9",
                        "attributes": {
                            "ami": "ami-13be557e",
                            "associate_public_ip_address": "true",
                            "availability_zone": "us-east-1b",
                            "disable_api_termination": "false",
                            "ebs_block_device.#": "0",
                            "ebs_optimized": "false",
                            "ephemeral_block_device.#": "0",
                            "iam_instance_profile": "",
                            "id": "i-033c6f21a7f19f3d9",
                            "instance_state": "running",
                            "instance_type": "t2.micro",
                            "ipv6_addresses.#": "0",
                            "key_name": "mykey",
                            "monitoring": "false",
                            "network_interface.#": "0",
                            "network_interface_id": "eni-b689607b",
                            "placement_group": "",
                            "primary_network_interface_id": "eni-b689607b",
                            "private_dns": "ip-172-31-89-16.ec2.internal",
                            "private_ip": "172.31.89.16",
                            "public_dns": "ec2-54-209-141-25.compute-1.amazonaws.com",
                            "public_ip": "54.209.141.25",
                            "root_block_device.#": "1",
                            "root_block_device.0.delete_on_termination": "true",
                            "root_block_device.0.iops": "100",
                            "root_block_device.0.volume_id": "vol-0128ff9c13684a303",
                            "root_block_device.0.volume_size": "8",
                            "root_block_device.0.volume_type": "gp2",
                            "security_groups.#": "1",
                            "security_groups.480378657": "default",
                            "source_dest_check": "true",
                            "subnet_id": "subnet-a14d3c8e",
                            "tags.%": "0",
                            "tenancy": "default",
                            "volume_tags.%": "0",
                            "vpc_security_group_ids.#": "0"
                        },
                        "meta": {
                            "e2bfb730-ecaa-11e6-8f88-34363bc7c4c0": {
                                "create": 600000000000,
                                "delete": 600000000000,
                                "update": 600000000000
                            },
                            "schema_version": "1"
                        },
                        "tainted": false
                    },
                    "deposed": [],
                    "provider": ""
                },
                "aws_key_pair.mykey": {
                    "type": "aws_key_pair",
                    "depends_on": [],
                    "primary": {
                        "id": "mykey",
                        "attributes": {
                            "id": "mykey",
                            "key_name": "mykey",
                            "public_key": "ssh-rsa AAAAB3NzaC1yc2EAAAADAQABAAACAQDTsMG4rsr2gn7kYL+WMrdMw9ONpc1oiu34KsP5bdNgnmw5k0brSPkNv4iI0Iuoq9xoLr8Sy6dehRJwpGyqUTZUkqAChe1iFG6/b2y0kVupIfkuzgzL0FwcjbbEA72aZzrqijIAYblAZFF27zTDo4TkMYiQgE5qP53Rpq9slLVn0A0qSkGyCWNsESxp0kWcD+/XSFlQy2UIcv6EYcjqsDYMuN3YnvI7otyBWixaMNbxKryX95ONz7rywtxCWaa4P1GdzaEHljNH2xtfWzH4TCYa/vdYdyAibL1u1FHKPkYhZxlDjFbtpAdCGWZPrw22LU1ARCOVCbDBqbr+Q83AEgmsKryxYPReqsuL6inf8cKRfxGwqWtV6SmobyXR+TAwv1vqLmBV8H6DpLje4Y3x9sdsRdJ+3Dbs2PBQV6z5V2zvjpa6rZ3E1DhO0GwMIAz+yFIrSJSAZuttHeAIpq1GzTS5m39+UF2mJYCWnyMjBmZ+dUywQjBKtoEBCbKFmrnOiZlGXcU5/Qh4yIfMNXDvkI5AzXFuP6JM9/FXgPf8Y8p4OCKfOWeCJFKSLh1ZNyzAMwhfs6yKivKUmD6bF4ACPWwQiT6TxrerpewUy6BCBLwc5352TmbMEhRwPbHst2gmkE2XODR7AGWUVfankGMqdP+FXFIIk9ZjvSDGl7HUv5G0nQ== vishant.sharma@opstree.com"
                        },
                        "meta": {
                            "schema_version": "1"
                        },
                        "tainted": false
                    },
                    "deposed": [],
                    "provider": ""
                }
            },
            "depends_on": []
        }
    ]
}
